
Microsoft Visual Studio Solution File, Format Version 12.00
# Visual Studio Version 17
VisualStudioVersion = 17.0.31903.59
MinimumVisualStudioVersion = 10.0.40219.1
Project("{2150E333-8FDC-42A3-9474-1A3956D46DE8}") = "src", "src", "{827E0CD3-B72D-47B6-A68D-7590B98EB39B}"
EndProject
Project("{FAE04EC0-301F-11D3-BF4B-00C04F79EFBC}") = "AgroSolutions.Usuario.Api", "src\AgroSolutions.Usuario.Api\AgroSolutions.Usuario.Api.csproj", "{FA42CA18-5995-418E-896B-524B3443E0EC}"
EndProject
Project("{FAE04EC0-301F-11D3-BF4B-00C04F79EFBC}") = "AgroSolutions.Usuario.Aplicacao", "src\AgroSolutions.Usuario.Aplicacao\AgroSolutions.Usuario.Aplicacao.csproj", "{4EA1D7BD-80C5-4A22-AC69-7421EBB1A370}"
EndProject
Project("{FAE04EC0-301F-11D3-BF4B-00C04F79EFBC}") = "AgroSolutions.Usuario.Dominio", "src\AgroSolutions.Usuario.Dominio\AgroSolutions.Usuario.Dominio.csproj", "{F173D49A-B224-4947-9544-918D7F82ADF7}"
EndProject
Project("{FAE04EC0-301F-11D3-BF4B-00C04F79EFBC}") = "AgroSolutions.Usuario.Infra", "src\AgroSolutions.Usuario.Infra\AgroSolutions.Usuario.Infra.csproj", "{CE740F9A-A744-4683-B9B9-4A0783F09EE9}"
EndProject
Project("{2150E333-8FDC-42A3-9474-1A3956D46DE8}") = "tests", "tests", "{0AB3BF05-4346-4AA6-1389-037BE0695223}"
EndProject
Project("{FAE04EC0-301F-11D3-BF4B-00C04F79EFBC}") = "AgroSolutions.Usuario.Tests", "tests\AgroSolutions.Usuario.Tests\AgroSolutions.Usuario.Tests.csproj", "{9ABC9011-42E4-42EC-B1FB-27A0C9EB6D44}"
EndProject
Global
	GlobalSection(SolutionConfigurationPlatforms) = preSolution
		Debug|Any CPU = Debug|Any CPU
		Debug|x64 = Debug|x64
		Debug|x86 = Debug|x86
		Release|Any CPU = Release|Any CPU
		Release|x64 = Release|x64
		Release|x86 = Release|x86
	EndGlobalSection
	GlobalSection(ProjectConfigurationPlatforms) = postSolution
		{FA42CA18-5995-418E-896B-524B3443E0EC}.Debug|Any CPU.ActiveCfg = Debug|Any CPU
		{FA42CA18-5995-418E-896B-524B3443E0EC}.Debug|Any CPU.Build.0 = Debug|Any CPU
		{FA42CA18-5995-418E-896B-524B3443E0EC}.Debug|x64.ActiveCfg = Debug|Any CPU
		{FA42CA18-5995-418E-896B-524B3443E0EC}.Debug|x64.Build.0 = Debug|Any CPU
		{FA42CA18-5995-418E-896B-524B3443E0EC}.Debug|x86.ActiveCfg = Debug|Any CPU
		{FA42CA18-5995-418E-896B-524B3443E0EC}.Debug|x86.Build.0 = Debug|Any CPU
		{FA42CA18-5995-418E-896B-524B3443E0EC}.Release|Any CPU.ActiveCfg = Release|Any CPU
		{FA42CA18-5995-418E-896B-524B3443E0EC}.Release|Any CPU.Build.0 = Release|Any CPU
		{FA42CA18-5995-418E-896B-524B3443E0EC}.Release|x64.ActiveCfg = Release|Any CPU
		{FA42CA18-5995-418E-896B-524B3443E0EC}.Release|x64.Build.0 = Release|Any CPU
		{FA42CA18-5995-418E-896B-524B3443E0EC}.Release|x86.ActiveCfg = Release|Any CPU
		{FA42CA18-5995-418E-896B-524B3443E0EC}.Release|x86.Build.0 = Release|Any CPU
		{4EA1D7BD-80C5-4A22-AC69-7421EBB1A370}.Debug|Any CPU.ActiveCfg = Debug|Any CPU
		{4EA1D7BD-80C5-4A22-AC69-7421EBB1A370}.Debug|Any CPU.Build.0 = Debug|Any CPU
		{4EA1D7BD-80C5-4A22-AC69-7421EBB1A370}.Debug|x64.ActiveCfg = Debug|Any CPU
		{4EA1D7BD-80C5-4A22-AC69-7421EBB1A370}.Debug|x64.Build.0 = Debug|Any CPU
		{4EA1D7BD-80C5-4A22-AC69-7421EBB1A370}.Debug|x86.ActiveCfg = Debug|Any CPU
		{4EA1D7BD-80C5-4A22-AC69-7421EBB1A370}.Debug|x86.Build.0 = Debug|Any CPU
		{4EA1D7BD-80C5-4A22-AC69-7421EBB1A370}.Release|Any CPU.ActiveCfg = Release|Any CPU
		{4EA1D7BD-80C5-4A22-AC69-7421EBB1A370}.Release|Any CPU.Build.0 = Release|Any CPU
		{4EA1D7BD-80C5-4A22-AC69-7421EBB1A370}.Release|x64.ActiveCfg = Release|Any CPU
		{4EA1D7BD-80C5-4A22-AC69-7421EBB1A370}.Release|x64.Build.0 = Release|Any CPU
		{4EA1D7BD-80C5-4A22-AC69-7421EBB1A370}.Release|x86.ActiveCfg = Release|Any CPU
		{4EA1D7BD-80C5-4A22-AC69-7421EBB1A370}.Release|x86.Build.0 = Release|Any CPU
		{F173D49A-B224-4947-9544-918D7F82ADF7}.Debug|Any CPU.ActiveCfg = Debug|Any CPU
		{F173D49A-B224-4947-9544-918D7F82ADF7}.Debug|Any CPU.Build.0 = Debug|Any CPU
		{F173D49A-B224-4947-9544-918D7F82ADF7}.Debug|x64.ActiveCfg = Debug|Any CPU
		{F173D49A-B224-4947-9544-918D7F82ADF7}.Debug|x64.Build.0 = Debug|Any CPU
		{F173D49A-B224-4947-9544-918D7F82ADF7}.Debug|x86.ActiveCfg = Debug|Any CPU
		{F173D49A-B224-4947-9544-918D7F82ADF7}.Debug|x86.Build.0 = Debug|Any CPU
		{F173D49A-B224-4947-9544-918D7F82ADF7}.Release|Any CPU.ActiveCfg = Release|Any CPU
		{F173D49A-B224-4947-9544-918D7F82ADF7}.Release|Any CPU.Build.0 = Release|Any CPU
		{F173D49A-B224-4947-9544-918D7F82ADF7}.Release|x64.ActiveCfg = Release|Any CPU
		{F173D49A-B224-4947-9544-918D7F82ADF7}.Release|x64.Build.0 = Release|Any CPU
		{F173D49A-B224-4947-9544-918D7F82ADF7}.Release|x86.ActiveCfg = Release|Any CPU
		{F173D49A-B224-4947-9544-918D7F82ADF7}.Release|x86.Build.0 = Release|Any CPU
		{CE740F9A-A744-4683-B9B9-4A0783F09EE9}.Debug|Any CPU.ActiveCfg = Debug|Any CPU
		{CE740F9A-A744-4683-B9B9-4A0783F09EE9}.Debug|Any CPU.Build.0 = Debug|Any CPU
		{CE740F9A-A744-4683-B9B9-4A0783F09EE9}.Debug|x64.ActiveCfg = Debug|Any CPU
		{CE740F9A-A744-4683-B9B9-4A0783F09EE9}.Debug|x64.Build.0 = Debug|Any CPU
		{CE740F9A-A744-4683-B9B9-4A0783F09EE9}.Debug|x86.ActiveCfg = Debug|Any CPU
		{CE740F9A-A744-4683-B9B9-4A0783F09EE9}.Debug|x86.Build.0 = Debug|Any CPU
		{CE740F9A-A744-4683-B9B9-4A0783F09EE9}.Release|Any CPU.ActiveCfg = Release|Any CPU
		{CE740F9A-A744-4683-B9B9-4A0783F09EE9}.Release|Any CPU.Build.0 = Release|Any CPU
		{CE740F9A-A744-4683-B9B9-4A0783F09EE9}.Release|x64.ActiveCfg = Release|Any CPU
		{CE740F9A-A744-4683-B9B9-4A0783F09EE9}.Release|x64.Build.0 = Release|Any CPU
		{CE740F9A-A744-4683-B9B9-4A0783F09EE9}.Release|x86.ActiveCfg = Release|Any CPU
		{CE740F9A-A744-4683-B9B9-4A0783F09EE9}.Release|x86.Build.0 = Release|Any CPU
		{9ABC9011-42E4-42EC-B1FB-27A0C9EB6D44}.Debug|Any CPU.ActiveCfg = Debug|Any CPU
		{9ABC9011-42E4-42EC-B1FB-27A0C9EB6D44}.Debug|Any CPU.Build.0 = Debug|Any CPU
		{9ABC9011-42E4-42EC-B1FB-27A0C9EB6D44}.Debug|x64.ActiveCfg = Debug|Any CPU
		{9ABC9011-42E4-42EC-B1FB-27A0C9EB6D44}.Debug|x64.Build.0 = Debug|Any CPU
		{9ABC9011-42E4-42EC-B1FB-27A0C9EB6D44}.Debug|x86.ActiveCfg = Debug|Any CPU
		{9ABC9011-42E4-42EC-B1FB-27A0C9EB6D44}.Debug|x86.Build.0 = Debug|Any CPU
		{9ABC9011-42E4-42EC-B1FB-27A0C9EB6D44}.Release|Any CPU.ActiveCfg = Release|Any CPU
		{9ABC9011-42E4-42EC-B1FB-27A0C9EB6D44}.Release|Any CPU.Build.0 = Release|Any CPU
		{9ABC9011-42E4-42EC-B1FB-27A0C9EB6D44}.Release|x64.ActiveCfg = Release|Any CPU
		{9ABC9011-42E4-42EC-B1FB-27A0C9EB6D44}.Release|x64.Build.0 = Release|Any CPU
		{9ABC9011-42E4-42EC-B1FB-27A0C9EB6D44}.Release|x86.ActiveCfg = Release|Any CPU
		{9ABC9011-42E4-42EC-B1FB-27A0C9EB6D44}.Release|x86.Build.0 = Release|Any CPU
	EndGlobalSection
	GlobalSection(SolutionProperties) = preSolution
		HideSolutionNode = FALSE
	EndGlobalSection
	GlobalSection(NestedProjects) = preSolution
		{FA42CA18-5995-418E-896B-524B3443E0EC} = {827E0CD3-B72D-47B6-A68D-7590B98EB39B}
		{4EA1D7BD-80C5-4A22-AC69-7421EBB1A370} = {827E0CD3-B72D-47B6-A68D-7590B98EB39B}
		{F173D49A-B224-4947-9544-918D7F82ADF7} = {827E0CD3-B72D-47B6-A68D-7590B98EB39B}
		{CE740F9A-A744-4683-B9B9-4A0783F09EE9} = {827E0CD3-B72D-47B6-A68D-7590B98EB39B}
		{9ABC9011-42E4-42EC-B1FB-27A0C9EB6D44} = {0AB3BF05-4346-4AA6-1389-037BE0695223}
	EndGlobalSection
EndGlobal
